
Microsoft Visual Studio Solution File, Format Version 12.00
# Visual Studio Version 17
VisualStudioVersion = 17.14.36414.22 d17.14
MinimumVisualStudioVersion = 10.0.40219.1
Project("{2150E333-8FDC-42A3-9474-1A3956D46DE8}") = "Task1", "Task1", "{E40039DB-E3F5-4262-9E95-695BBC3E6C59}"
EndProject
Project("{2150E333-8FDC-42A3-9474-1A3956D46DE8}") = "Task2", "Task2", "{D5C1D8A4-A8BC-4276-897C-974306102AB3}"
EndProject
Project("{2150E333-8FDC-42A3-9474-1A3956D46DE8}") = "Task3", "Task3", "{BD0E69A5-C710-47F6-8497-82837B33BFF8}"
EndProject
Project("{2150E333-8FDC-42A3-9474-1A3956D46DE8}") = "Task4", "Task4", "{0111398B-2C23-4323-ABD3-16681CC18942}"
EndProject
Project("{2150E333-8FDC-42A3-9474-1A3956D46DE8}") = "Task5", "Task5", "{29D8E40E-69E4-44FA-9CDC-6FB70FBD509B}"
EndProject
Project("{2150E333-8FDC-42A3-9474-1A3956D46DE8}") = "Task6", "Task6", "{C1519FC4-16EB-4CE2-91D9-997586A0D8F3}"
EndProject
Project("{2150E333-8FDC-42A3-9474-1A3956D46DE8}") = "Task7", "Task7", "{2B5D291A-F2EE-4D8E-9A62-E19A57AC2306}"
EndProject
Project("{FAE04EC0-301F-11D3-BF4B-00C04F79EFBC}") = "Tyuiu.NasadukJA.Sprint3.Task1.V29.Test", "Tyuiu.NasadukJA.Sprint3.Task1.V29.Test\Tyuiu.NasadukJA.Sprint3.Task1.V29.Test.csproj", "{B0B29C2A-D3AD-4F04-ADBB-C25FD988D1FB}"
EndProject
Project("{FAE04EC0-301F-11D3-BF4B-00C04F79EFBC}") = "Tyuiu.NasadukJA.Sprint3.Task1.V29.Lib", "Tyuiu.NasadukJA.Sprint3.Task1.V29.Lib\Tyuiu.NasadukJA.Sprint3.Task1.V29.Lib.csproj", "{A06C881F-D3D6-4820-B2B7-93F54EC11BE2}"
EndProject
Project("{FAE04EC0-301F-11D3-BF4B-00C04F79EFBC}") = "Tyuiu.NasadukJA.Sprint3.Task1.V29", "Tyuiu.NasadukJA.Sprint3.Task1.V29\Tyuiu.NasadukJA.Sprint3.Task1.V29.csproj", "{DA239B23-C7BA-464C-9182-E5D39A7EF929}"
EndProject
Project("{FAE04EC0-301F-11D3-BF4B-00C04F79EFBC}") = "Tyuiu.NasadukJA.Sprint3.Task2.V4", "Tyuiu.NasadukJA.Sprint3.Task2.V4\Tyuiu.NasadukJA.Sprint3.Task2.V4.csproj", "{2D261FF4-40ED-4086-B3B9-75609E7A91DF}"
EndProject
Project("{FAE04EC0-301F-11D3-BF4B-00C04F79EFBC}") = "Tyuiu.NasadukJA.Sprint3.Task2.V4.Lib", "Tyuiu.NasadukJA.Sprint3.Task2.V4.Lib\Tyuiu.NasadukJA.Sprint3.Task2.V4.Lib.csproj", "{F6AB5219-D9B7-4599-9BFE-3E70F626B950}"
EndProject
Project("{FAE04EC0-301F-11D3-BF4B-00C04F79EFBC}") = "Tyuiu.NasadukJA.Sprint3.Task2.V4.Test", "Tyuiu.NasadukJA.Sprint3.Task2.V4.Test\Tyuiu.NasadukJA.Sprint3.Task2.V4.Test.csproj", "{912876A7-358D-4815-BC80-33F1832775CA}"
EndProject
Project("{FAE04EC0-301F-11D3-BF4B-00C04F79EFBC}") = "Tyuiu.NasadukJA.Sprint3.Task3.V13.Test", "Tyuiu.NasadukJA.Sprint3.Task3.V13.Test\Tyuiu.NasadukJA.Sprint3.Task3.V13.Test.csproj", "{BE662499-796E-451C-A328-71FD9CC61F42}"
EndProject
Project("{FAE04EC0-301F-11D3-BF4B-00C04F79EFBC}") = "Tyuiu.NasadukJA.Sprint3.Task3.V13.Lib", "Tyuiu.NasadukJA.Sprint3.Task3.V13.Lib\Tyuiu.NasadukJA.Sprint3.Task3.V13.Lib.csproj", "{2F5B8BE7-7D3A-469D-883A-8558B55ED879}"
EndProject
Project("{FAE04EC0-301F-11D3-BF4B-00C04F79EFBC}") = "Tyuiu.NasadukJA.Sprint3.Task3.V13", "Tyuiu.NasadukJA.Sprint3.Task3.V13\Tyuiu.NasadukJA.Sprint3.Task3.V13.csproj", "{D1AC46F2-4169-428C-94AC-FB08969071E5}"
EndProject
Project("{FAE04EC0-301F-11D3-BF4B-00C04F79EFBC}") = "Tyuiu.NasadukJA.Sprint3.Task4.V8", "Tyuiu.NasadukJA.Sprint3.Task4.V8\Tyuiu.NasadukJA.Sprint3.Task4.V8.csproj", "{AF52B562-7EF7-47FE-850F-98D095E51F55}"
EndProject
Project("{FAE04EC0-301F-11D3-BF4B-00C04F79EFBC}") = "Tyuiu.NasadukJA.Sprint3.Task4.V8.Lib", "Tyuiu.NasadukJA.Sprint3.Task4.V8.Lib\Tyuiu.NasadukJA.Sprint3.Task4.V8.Lib.csproj", "{36A68F5E-686F-4E24-9ECD-6F47F8CE4845}"
EndProject
Project("{FAE04EC0-301F-11D3-BF4B-00C04F79EFBC}") = "Tyuiu.NasadukJA.Sprint3.Task4.V8.Test", "Tyuiu.NasadukJA.Sprint3.Task4.V8.Test\Tyuiu.NasadukJA.Sprint3.Task4.V8.Test.csproj", "{5D879CC3-88D2-45F8-9BE3-20ADB2A90CEA}"
EndProject
Project("{FAE04EC0-301F-11D3-BF4B-00C04F79EFBC}") = "Tyuiu.NasadukJA.Sprint3.Task5.V19.Test", "Tyuiu.NasadukJA.Sprint3.Task5.V19.Test\Tyuiu.NasadukJA.Sprint3.Task5.V19.Test.csproj", "{CBA58B63-A48A-4ACF-A36C-7651FEAC5E66}"
EndProject
Project("{FAE04EC0-301F-11D3-BF4B-00C04F79EFBC}") = "Tyuiu.NasadukJA.Sprint3.Task5.V19.Lib", "Tyuiu.NasadukJA.Sprint3.Task5.V19.Lib\Tyuiu.NasadukJA.Sprint3.Task5.V19.Lib.csproj", "{35CAF7DC-3261-4348-A5E4-BB3C2A92780D}"
EndProject
Project("{FAE04EC0-301F-11D3-BF4B-00C04F79EFBC}") = "Tyuiu.NasadukJA.Sprint3.Task5.V19", "Tyuiu.NasadukJA.Sprint3.Task5.V19\Tyuiu.NasadukJA.Sprint3.Task5.V19.csproj", "{61987B24-F5ED-4D5A-B270-0BC0E759A0EF}"
EndProject
Project("{FAE04EC0-301F-11D3-BF4B-00C04F79EFBC}") = "Tyuiu.NasadukJA.Sprint3.Task6.V1", "Tyuiu.NasadukJA.Sprint3.Task6.V1\Tyuiu.NasadukJA.Sprint3.Task6.V1.csproj", "{B23E61BD-2FFD-4227-8E78-7E564EDCAD58}"
EndProject
Project("{FAE04EC0-301F-11D3-BF4B-00C04F79EFBC}") = "Tyuiu.NasadukJA.Sprint3.Task6.V1.Lib", "Tyuiu.NasadukJA.Sprint3.Task6.V1.Lib\Tyuiu.NasadukJA.Sprint3.Task6.V1.Lib.csproj", "{2B1581EC-3498-4414-9CF0-F558C7F86849}"
EndProject
Project("{FAE04EC0-301F-11D3-BF4B-00C04F79EFBC}") = "Tyuiu.NasadukJA.Sprint3.Task6.V1.Test", "Tyuiu.NasadukJA.Sprint3.Task6.V1.Test\Tyuiu.NasadukJA.Sprint3.Task6.V1.Test.csproj", "{79B314A4-DE12-4D87-BF80-2AEC506FBEEE}"
EndProject
Project("{FAE04EC0-301F-11D3-BF4B-00C04F79EFBC}") = "Tyuiu.NasadukJA.Sprint3.Task7.V4.Test", "Tyuiu.NasadukJA.Sprint3.Task7.V4.Test\Tyuiu.NasadukJA.Sprint3.Task7.V4.Test.csproj", "{11A47DAF-F582-421D-B3C9-1631BA7FCCC1}"
EndProject
Project("{FAE04EC0-301F-11D3-BF4B-00C04F79EFBC}") = "Tyuiu.NasadukJA.Sprint3.Task7.V4.Lib", "Tyuiu.NasadukJA.Sprint3.Task7.V4.Lib\Tyuiu.NasadukJA.Sprint3.Task7.V4.Lib.csproj", "{601E2073-6846-4291-86D2-CD1B1644E269}"
EndProject
Project("{FAE04EC0-301F-11D3-BF4B-00C04F79EFBC}") = "Tyuiu.NasadukJA.Sprint3.Task7.V4", "Tyuiu.NasadukJA.Sprint3.Task7.V4\Tyuiu.NasadukJA.Sprint3.Task7.V4.csproj", "{00C1A7B6-C710-4389-ACBF-0F8096C51F3C}"
EndProject
Project("{2150E333-8FDC-42A3-9474-1A3956D46DE8}") = "Task0", "Task0", "{02EA681E-C7D8-13C7-8484-4AC65E1B71E8}"
EndProject
Project("{FAE04EC0-301F-11D3-BF4B-00C04F79EFBC}") = "Tyuiu.NasadukJA.Sprint3.Task0.V26.Lib", "Tyuiu.NasadukJA.Sprint3.Task0.V26.Lib\Tyuiu.NasadukJA.Sprint3.Task0.V26.Lib.csproj", "{F20CD5FE-B526-405A-8BF3-B1DD3D69241E}"
EndProject
Project("{FAE04EC0-301F-11D3-BF4B-00C04F79EFBC}") = "Tyuiu.NasadukJA.Sprint3.Task0.V26.Test", "Tyuiu.NasadukJA.Sprint3.Task0.V26.Test\Tyuiu.NasadukJA.Sprint3.Task0.V26.Test.csproj", "{CDDD0797-7239-41B1-8D0C-A73AA49E3C32}"
EndProject
Project("{FAE04EC0-301F-11D3-BF4B-00C04F79EFBC}") = "Tyuiu.NasadukJA.Sprint3.Task0.V26", "Tyuiu.NasadukJA.Sprint3.Task0.V26\Tyuiu.NasadukJA.Sprint3.Task0.V26.csproj", "{DC276A03-9E3B-47DE-BF82-2A7CA849CBDF}"
EndProject
Global
	GlobalSection(SolutionConfigurationPlatforms) = preSolution
		Debug|Any CPU = Debug|Any CPU
		Release|Any CPU = Release|Any CPU
	EndGlobalSection
	GlobalSection(ProjectConfigurationPlatforms) = postSolution
		{B0B29C2A-D3AD-4F04-ADBB-C25FD988D1FB}.Debug|Any CPU.ActiveCfg = Debug|Any CPU
		{B0B29C2A-D3AD-4F04-ADBB-C25FD988D1FB}.Debug|Any CPU.Build.0 = Debug|Any CPU
		{B0B29C2A-D3AD-4F04-ADBB-C25FD988D1FB}.Release|Any CPU.ActiveCfg = Release|Any CPU
		{B0B29C2A-D3AD-4F04-ADBB-C25FD988D1FB}.Release|Any CPU.Build.0 = Release|Any CPU
		{A06C881F-D3D6-4820-B2B7-93F54EC11BE2}.Debug|Any CPU.ActiveCfg = Debug|Any CPU
		{A06C881F-D3D6-4820-B2B7-93F54EC11BE2}.Debug|Any CPU.Build.0 = Debug|Any CPU
		{A06C881F-D3D6-4820-B2B7-93F54EC11BE2}.Release|Any CPU.ActiveCfg = Release|Any CPU
		{A06C881F-D3D6-4820-B2B7-93F54EC11BE2}.Release|Any CPU.Build.0 = Release|Any CPU
		{DA239B23-C7BA-464C-9182-E5D39A7EF929}.Debug|Any CPU.ActiveCfg = Debug|Any CPU
		{DA239B23-C7BA-464C-9182-E5D39A7EF929}.Debug|Any CPU.Build.0 = Debug|Any CPU
		{DA239B23-C7BA-464C-9182-E5D39A7EF929}.Release|Any CPU.ActiveCfg = Release|Any CPU
		{DA239B23-C7BA-464C-9182-E5D39A7EF929}.Release|Any CPU.Build.0 = Release|Any CPU
		{2D261FF4-40ED-4086-B3B9-75609E7A91DF}.Debug|Any CPU.ActiveCfg = Debug|Any CPU
		{2D261FF4-40ED-4086-B3B9-75609E7A91DF}.Debug|Any CPU.Build.0 = Debug|Any CPU
		{2D261FF4-40ED-4086-B3B9-75609E7A91DF}.Release|Any CPU.ActiveCfg = Release|Any CPU
		{2D261FF4-40ED-4086-B3B9-75609E7A91DF}.Release|Any CPU.Build.0 = Release|Any CPU
		{F6AB5219-D9B7-4599-9BFE-3E70F626B950}.Debug|Any CPU.ActiveCfg = Debug|Any CPU
		{F6AB5219-D9B7-4599-9BFE-3E70F626B950}.Debug|Any CPU.Build.0 = Debug|Any CPU
		{F6AB5219-D9B7-4599-9BFE-3E70F626B950}.Release|Any CPU.ActiveCfg = Release|Any CPU
		{F6AB5219-D9B7-4599-9BFE-3E70F626B950}.Release|Any CPU.Build.0 = Release|Any CPU
		{912876A7-358D-4815-BC80-33F1832775CA}.Debug|Any CPU.ActiveCfg = Debug|Any CPU
		{912876A7-358D-4815-BC80-33F1832775CA}.Debug|Any CPU.Build.0 = Debug|Any CPU
		{912876A7-358D-4815-BC80-33F1832775CA}.Release|Any CPU.ActiveCfg = Release|Any CPU
		{912876A7-358D-4815-BC80-33F1832775CA}.Release|Any CPU.Build.0 = Release|Any CPU
		{BE662499-796E-451C-A328-71FD9CC61F42}.Debug|Any CPU.ActiveCfg = Debug|Any CPU
		{BE662499-796E-451C-A328-71FD9CC61F42}.Debug|Any CPU.Build.0 = Debug|Any CPU
		{BE662499-796E-451C-A328-71FD9CC61F42}.Release|Any CPU.ActiveCfg = Release|Any CPU
		{BE662499-796E-451C-A328-71FD9CC61F42}.Release|Any CPU.Build.0 = Release|Any CPU
		{2F5B8BE7-7D3A-469D-883A-8558B55ED879}.Debug|Any CPU.ActiveCfg = Debug|Any CPU
		{2F5B8BE7-7D3A-469D-883A-8558B55ED879}.Debug|Any CPU.Build.0 = Debug|Any CPU
		{2F5B8BE7-7D3A-469D-883A-8558B55ED879}.Release|Any CPU.ActiveCfg = Release|Any CPU
		{2F5B8BE7-7D3A-469D-883A-8558B55ED879}.Release|Any CPU.Build.0 = Release|Any CPU
		{D1AC46F2-4169-428C-94AC-FB08969071E5}.Debug|Any CPU.ActiveCfg = Debug|Any CPU
		{D1AC46F2-4169-428C-94AC-FB08969071E5}.Debug|Any CPU.Build.0 = Debug|Any CPU
		{D1AC46F2-4169-428C-94AC-FB08969071E5}.Release|Any CPU.ActiveCfg = Release|Any CPU
		{D1AC46F2-4169-428C-94AC-FB08969071E5}.Release|Any CPU.Build.0 = Release|Any CPU
		{AF52B562-7EF7-47FE-850F-98D095E51F55}.Debug|Any CPU.ActiveCfg = Debug|Any CPU
		{AF52B562-7EF7-47FE-850F-98D095E51F55}.Debug|Any CPU.Build.0 = Debug|Any CPU
		{AF52B562-7EF7-47FE-850F-98D095E51F55}.Release|Any CPU.ActiveCfg = Release|Any CPU
		{AF52B562-7EF7-47FE-850F-98D095E51F55}.Release|Any CPU.Build.0 = Release|Any CPU
		{36A68F5E-686F-4E24-9ECD-6F47F8CE4845}.Debug|Any CPU.ActiveCfg = Debug|Any CPU
		{36A68F5E-686F-4E24-9ECD-6F47F8CE4845}.Debug|Any CPU.Build.0 = Debug|Any CPU
		{36A68F5E-686F-4E24-9ECD-6F47F8CE4845}.Release|Any CPU.ActiveCfg = Release|Any CPU
		{36A68F5E-686F-4E24-9ECD-6F47F8CE4845}.Release|Any CPU.Build.0 = Release|Any CPU
		{5D879CC3-88D2-45F8-9BE3-20ADB2A90CEA}.Debug|Any CPU.ActiveCfg = Debug|Any CPU
		{5D879CC3-88D2-45F8-9BE3-20ADB2A90CEA}.Debug|Any CPU.Build.0 = Debug|Any CPU
		{5D879CC3-88D2-45F8-9BE3-20ADB2A90CEA}.Release|Any CPU.ActiveCfg = Release|Any CPU
		{5D879CC3-88D2-45F8-9BE3-20ADB2A90CEA}.Release|Any CPU.Build.0 = Release|Any CPU
		{CBA58B63-A48A-4ACF-A36C-7651FEAC5E66}.Debug|Any CPU.ActiveCfg = Debug|Any CPU
		{CBA58B63-A48A-4ACF-A36C-7651FEAC5E66}.Debug|Any CPU.Build.0 = Debug|Any CPU
		{CBA58B63-A48A-4ACF-A36C-7651FEAC5E66}.Release|Any CPU.ActiveCfg = Release|Any CPU
		{CBA58B63-A48A-4ACF-A36C-7651FEAC5E66}.Release|Any CPU.Build.0 = Release|Any CPU
		{35CAF7DC-3261-4348-A5E4-BB3C2A92780D}.Debug|Any CPU.ActiveCfg = Debug|Any CPU
		{35CAF7DC-3261-4348-A5E4-BB3C2A92780D}.Debug|Any CPU.Build.0 = Debug|Any CPU
		{35CAF7DC-3261-4348-A5E4-BB3C2A92780D}.Release|Any CPU.ActiveCfg = Release|Any CPU
		{35CAF7DC-3261-4348-A5E4-BB3C2A92780D}.Release|Any CPU.Build.0 = Release|Any CPU
		{61987B24-F5ED-4D5A-B270-0BC0E759A0EF}.Debug|Any CPU.ActiveCfg = Debug|Any CPU
		{61987B24-F5ED-4D5A-B270-0BC0E759A0EF}.Debug|Any CPU.Build.0 = Debug|Any CPU
		{61987B24-F5ED-4D5A-B270-0BC0E759A0EF}.Release|Any CPU.ActiveCfg = Release|Any CPU
		{61987B24-F5ED-4D5A-B270-0BC0E759A0EF}.Release|Any CPU.Build.0 = Release|Any CPU
		{B23E61BD-2FFD-4227-8E78-7E564EDCAD58}.Debug|Any CPU.ActiveCfg = Debug|Any CPU
		{B23E61BD-2FFD-4227-8E78-7E564EDCAD58}.Debug|Any CPU.Build.0 = Debug|Any CPU
		{B23E61BD-2FFD-4227-8E78-7E564EDCAD58}.Release|Any CPU.ActiveCfg = Release|Any CPU
		{B23E61BD-2FFD-4227-8E78-7E564EDCAD58}.Release|Any CPU.Build.0 = Release|Any CPU
		{2B1581EC-3498-4414-9CF0-F558C7F86849}.Debug|Any CPU.ActiveCfg = Debug|Any CPU
		{2B1581EC-3498-4414-9CF0-F558C7F86849}.Debug|Any CPU.Build.0 = Debug|Any CPU
		{2B1581EC-3498-4414-9CF0-F558C7F86849}.Release|Any CPU.ActiveCfg = Release|Any CPU
		{2B1581EC-3498-4414-9CF0-F558C7F86849}.Release|Any CPU.Build.0 = Release|Any CPU
		{79B314A4-DE12-4D87-BF80-2AEC506FBEEE}.Debug|Any CPU.ActiveCfg = Debug|Any CPU
		{79B314A4-DE12-4D87-BF80-2AEC506FBEEE}.Debug|Any CPU.Build.0 = Debug|Any CPU
		{79B314A4-DE12-4D87-BF80-2AEC506FBEEE}.Release|Any CPU.ActiveCfg = Release|Any CPU
		{79B314A4-DE12-4D87-BF80-2AEC506FBEEE}.Release|Any CPU.Build.0 = Release|Any CPU
		{11A47DAF-F582-421D-B3C9-1631BA7FCCC1}.Debug|Any CPU.ActiveCfg = Debug|Any CPU
		{11A47DAF-F582-421D-B3C9-1631BA7FCCC1}.Debug|Any CPU.Build.0 = Debug|Any CPU
		{11A47DAF-F582-421D-B3C9-1631BA7FCCC1}.Release|Any CPU.ActiveCfg = Release|Any CPU
		{11A47DAF-F582-421D-B3C9-1631BA7FCCC1}.Release|Any CPU.Build.0 = Release|Any CPU
		{601E2073-6846-4291-86D2-CD1B1644E269}.Debug|Any CPU.ActiveCfg = Debug|Any CPU
		{601E2073-6846-4291-86D2-CD1B1644E269}.Debug|Any CPU.Build.0 = Debug|Any CPU
		{601E2073-6846-4291-86D2-CD1B1644E269}.Release|Any CPU.ActiveCfg = Release|Any CPU
		{601E2073-6846-4291-86D2-CD1B1644E269}.Release|Any CPU.Build.0 = Release|Any CPU
		{00C1A7B6-C710-4389-ACBF-0F8096C51F3C}.Debug|Any CPU.ActiveCfg = Debug|Any CPU
		{00C1A7B6-C710-4389-ACBF-0F8096C51F3C}.Debug|Any CPU.Build.0 = Debug|Any CPU
		{00C1A7B6-C710-4389-ACBF-0F8096C51F3C}.Release|Any CPU.ActiveCfg = Release|Any CPU
		{00C1A7B6-C710-4389-ACBF-0F8096C51F3C}.Release|Any CPU.Build.0 = Release|Any CPU
		{F20CD5FE-B526-405A-8BF3-B1DD3D69241E}.Debug|Any CPU.ActiveCfg = Debug|Any CPU
		{F20CD5FE-B526-405A-8BF3-B1DD3D69241E}.Debug|Any CPU.Build.0 = Debug|Any CPU
		{F20CD5FE-B526-405A-8BF3-B1DD3D69241E}.Release|Any CPU.ActiveCfg = Release|Any CPU
		{F20CD5FE-B526-405A-8BF3-B1DD3D69241E}.Release|Any CPU.Build.0 = Release|Any CPU
		{CDDD0797-7239-41B1-8D0C-A73AA49E3C32}.Debug|Any CPU.ActiveCfg = Debug|Any CPU
		{CDDD0797-7239-41B1-8D0C-A73AA49E3C32}.Debug|Any CPU.Build.0 = Debug|Any CPU
		{CDDD0797-7239-41B1-8D0C-A73AA49E3C32}.Release|Any CPU.ActiveCfg = Release|Any CPU
		{CDDD0797-7239-41B1-8D0C-A73AA49E3C32}.Release|Any CPU.Build.0 = Release|Any CPU
		{DC276A03-9E3B-47DE-BF82-2A7CA849CBDF}.Debug|Any CPU.ActiveCfg = Debug|Any CPU
		{DC276A03-9E3B-47DE-BF82-2A7CA849CBDF}.Debug|Any CPU.Build.0 = Debug|Any CPU
		{DC276A03-9E3B-47DE-BF82-2A7CA849CBDF}.Release|Any CPU.ActiveCfg = Release|Any CPU
		{DC276A03-9E3B-47DE-BF82-2A7CA849CBDF}.Release|Any CPU.Build.0 = Release|Any CPU
	EndGlobalSection
	GlobalSection(SolutionProperties) = preSolution
		HideSolutionNode = FALSE
	EndGlobalSection
	GlobalSection(NestedProjects) = preSolution
		{B0B29C2A-D3AD-4F04-ADBB-C25FD988D1FB} = {E40039DB-E3F5-4262-9E95-695BBC3E6C59}
		{A06C881F-D3D6-4820-B2B7-93F54EC11BE2} = {E40039DB-E3F5-4262-9E95-695BBC3E6C59}
		{DA239B23-C7BA-464C-9182-E5D39A7EF929} = {E40039DB-E3F5-4262-9E95-695BBC3E6C59}
		{2D261FF4-40ED-4086-B3B9-75609E7A91DF} = {D5C1D8A4-A8BC-4276-897C-974306102AB3}
		{F6AB5219-D9B7-4599-9BFE-3E70F626B950} = {D5C1D8A4-A8BC-4276-897C-974306102AB3}
		{912876A7-358D-4815-BC80-33F1832775CA} = {D5C1D8A4-A8BC-4276-897C-974306102AB3}
		{BE662499-796E-451C-A328-71FD9CC61F42} = {BD0E69A5-C710-47F6-8497-82837B33BFF8}
		{2F5B8BE7-7D3A-469D-883A-8558B55ED879} = {BD0E69A5-C710-47F6-8497-82837B33BFF8}
		{D1AC46F2-4169-428C-94AC-FB08969071E5} = {BD0E69A5-C710-47F6-8497-82837B33BFF8}
		{AF52B562-7EF7-47FE-850F-98D095E51F55} = {0111398B-2C23-4323-ABD3-16681CC18942}
		{36A68F5E-686F-4E24-9ECD-6F47F8CE4845} = {0111398B-2C23-4323-ABD3-16681CC18942}
		{5D879CC3-88D2-45F8-9BE3-20ADB2A90CEA} = {0111398B-2C23-4323-ABD3-16681CC18942}
		{CBA58B63-A48A-4ACF-A36C-7651FEAC5E66} = {29D8E40E-69E4-44FA-9CDC-6FB70FBD509B}
		{35CAF7DC-3261-4348-A5E4-BB3C2A92780D} = {29D8E40E-69E4-44FA-9CDC-6FB70FBD509B}
		{61987B24-F5ED-4D5A-B270-0BC0E759A0EF} = {29D8E40E-69E4-44FA-9CDC-6FB70FBD509B}
		{B23E61BD-2FFD-4227-8E78-7E564EDCAD58} = {C1519FC4-16EB-4CE2-91D9-997586A0D8F3}
		{2B1581EC-3498-4414-9CF0-F558C7F86849} = {C1519FC4-16EB-4CE2-91D9-997586A0D8F3}
		{79B314A4-DE12-4D87-BF80-2AEC506FBEEE} = {C1519FC4-16EB-4CE2-91D9-997586A0D8F3}
		{11A47DAF-F582-421D-B3C9-1631BA7FCCC1} = {2B5D291A-F2EE-4D8E-9A62-E19A57AC2306}
		{601E2073-6846-4291-86D2-CD1B1644E269} = {2B5D291A-F2EE-4D8E-9A62-E19A57AC2306}
		{00C1A7B6-C710-4389-ACBF-0F8096C51F3C} = {2B5D291A-F2EE-4D8E-9A62-E19A57AC2306}
		{F20CD5FE-B526-405A-8BF3-B1DD3D69241E} = {02EA681E-C7D8-13C7-8484-4AC65E1B71E8}
		{CDDD0797-7239-41B1-8D0C-A73AA49E3C32} = {02EA681E-C7D8-13C7-8484-4AC65E1B71E8}
		{DC276A03-9E3B-47DE-BF82-2A7CA849CBDF} = {02EA681E-C7D8-13C7-8484-4AC65E1B71E8}
	EndGlobalSection
	GlobalSection(ExtensibilityGlobals) = postSolution
		SolutionGuid = {10A5F224-4A4E-49E1-8877-B198812A779C}
	EndGlobalSection
EndGlobal
